
Microsoft Visual Studio Solution File, Format Version 12.00
# Visual Studio Version 17
VisualStudioVersion = 17.0.31903.59
MinimumVisualStudioVersion = 10.0.40219.1
Project("{FAE04EC0-301F-11D3-BF4B-00C04F79EFBC}") = "BlazorWasmPwa.Client", "BlazorWasmPwa.Client\BlazorWasmPwa.Client.csproj", "{F02EE3A4-280D-45E2-98BC-958F5AB0ECBF}"
EndProject
Project("{FAE04EC0-301F-11D3-BF4B-00C04F79EFBC}") = "BlazorWasmPwa.AppHost", "BlazorWasmPwa.AppHost\BlazorWasmPwa.AppHost.csproj", "{6C451755-477D-4394-833F-3358D2857737}"
EndProject
Project("{FAE04EC0-301F-11D3-BF4B-00C04F79EFBC}") = "BlazorWasmPwa.ServiceDefaults", "BlazorWasmPwa.ServiceDefaults\BlazorWasmPwa.ServiceDefaults.csproj", "{5043F9ED-AF93-4418-8ED2-7A1B908CCBB2}"
EndProject
Project("{FAE04EC0-301F-11D3-BF4B-00C04F79EFBC}") = "BlazorWasmPwa.Api", "BlazorWasmPwa.Api\BlazorWasmPwa.Api.csproj", "{0B969635-298B-4345-9A14-DC2DBEA9DE04}"
EndProject
Project("{FAE04EC0-301F-11D3-BF4B-00C04F79EFBC}") = "BlazorWasmPwa.Shared.Constants", "BlazorWasmPwa.Shared.Constants\BlazorWasmPwa.Shared.Constants.csproj", "{56CEBC4D-6538-4264-8009-93C0FC2C5FA2}"
EndProject
Project("{FAE04EC0-301F-11D3-BF4B-00C04F79EFBC}") = "BlazorWasmPwa.Feature.WeatherForecast", "BlazorWasmPwa.Feature.WeatherForecast\BlazorWasmPwa.Feature.WeatherForecast.csproj", "{9A38EF78-361F-4DC3-95AF-25D2E14519BB}"
EndProject
Project("{FAE04EC0-301F-11D3-BF4B-00C04F79EFBC}") = "BlazorWasmPwa.Feature.WeatherForecast.Tests", "BlazorWasmPwa.Feature.WeatherForecast.Tests\BlazorWasmPwa.Feature.WeatherForecast.Tests.csproj", "{D669D54E-99AC-4F15-8CA2-30FD3B1DC3E2}"
EndProject
Project("{FAE04EC0-301F-11D3-BF4B-00C04F79EFBC}") = "BlazorWasmPwa.Contracts", "BlazorWasmPwa.Contracts\BlazorWasmPwa.Contracts.csproj", "{B72025D5-7A73-4600-919F-F016BCB04A45}"
EndProject
Project("{FAE04EC0-301F-11D3-BF4B-00C04F79EFBC}") = "BlazorWasmPwa.Tests.Shared", "BlazorWasmPwa.Tests.Shared\BlazorWasmPwa.Tests.Shared.csproj", "{13E1378D-1630-4653-AFB0-88DF7DB81CD9}"
EndProject
Global
	GlobalSection(SolutionConfigurationPlatforms) = preSolution
		Debug|Any CPU = Debug|Any CPU
		Debug|x64 = Debug|x64
		Debug|x86 = Debug|x86
		Release|Any CPU = Release|Any CPU
		Release|x64 = Release|x64
		Release|x86 = Release|x86
	EndGlobalSection
	GlobalSection(ProjectConfigurationPlatforms) = postSolution
		{F02EE3A4-280D-45E2-98BC-958F5AB0ECBF}.Debug|Any CPU.ActiveCfg = Debug|Any CPU
		{F02EE3A4-280D-45E2-98BC-958F5AB0ECBF}.Debug|Any CPU.Build.0 = Debug|Any CPU
		{F02EE3A4-280D-45E2-98BC-958F5AB0ECBF}.Debug|x64.ActiveCfg = Debug|Any CPU
		{F02EE3A4-280D-45E2-98BC-958F5AB0ECBF}.Debug|x64.Build.0 = Debug|Any CPU
		{F02EE3A4-280D-45E2-98BC-958F5AB0ECBF}.Debug|x86.ActiveCfg = Debug|Any CPU
		{F02EE3A4-280D-45E2-98BC-958F5AB0ECBF}.Debug|x86.Build.0 = Debug|Any CPU
		{F02EE3A4-280D-45E2-98BC-958F5AB0ECBF}.Release|Any CPU.ActiveCfg = Release|Any CPU
		{F02EE3A4-280D-45E2-98BC-958F5AB0ECBF}.Release|Any CPU.Build.0 = Release|Any CPU
		{F02EE3A4-280D-45E2-98BC-958F5AB0ECBF}.Release|x64.ActiveCfg = Release|Any CPU
		{F02EE3A4-280D-45E2-98BC-958F5AB0ECBF}.Release|x64.Build.0 = Release|Any CPU
		{F02EE3A4-280D-45E2-98BC-958F5AB0ECBF}.Release|x86.ActiveCfg = Release|Any CPU
		{F02EE3A4-280D-45E2-98BC-958F5AB0ECBF}.Release|x86.Build.0 = Release|Any CPU
		{6C451755-477D-4394-833F-3358D2857737}.Debug|Any CPU.ActiveCfg = Debug|Any CPU
		{6C451755-477D-4394-833F-3358D2857737}.Debug|Any CPU.Build.0 = Debug|Any CPU
		{6C451755-477D-4394-833F-3358D2857737}.Debug|x64.ActiveCfg = Debug|Any CPU
		{6C451755-477D-4394-833F-3358D2857737}.Debug|x64.Build.0 = Debug|Any CPU
		{6C451755-477D-4394-833F-3358D2857737}.Debug|x86.ActiveCfg = Debug|Any CPU
		{6C451755-477D-4394-833F-3358D2857737}.Debug|x86.Build.0 = Debug|Any CPU
		{6C451755-477D-4394-833F-3358D2857737}.Release|Any CPU.ActiveCfg = Release|Any CPU
		{6C451755-477D-4394-833F-3358D2857737}.Release|Any CPU.Build.0 = Release|Any CPU
		{6C451755-477D-4394-833F-3358D2857737}.Release|x64.ActiveCfg = Release|Any CPU
		{6C451755-477D-4394-833F-3358D2857737}.Release|x64.Build.0 = Release|Any CPU
		{6C451755-477D-4394-833F-3358D2857737}.Release|x86.ActiveCfg = Release|Any CPU
		{6C451755-477D-4394-833F-3358D2857737}.Release|x86.Build.0 = Release|Any CPU
		{5043F9ED-AF93-4418-8ED2-7A1B908CCBB2}.Debug|Any CPU.ActiveCfg = Debug|Any CPU
		{5043F9ED-AF93-4418-8ED2-7A1B908CCBB2}.Debug|Any CPU.Build.0 = Debug|Any CPU
		{5043F9ED-AF93-4418-8ED2-7A1B908CCBB2}.Debug|x64.ActiveCfg = Debug|Any CPU
		{5043F9ED-AF93-4418-8ED2-7A1B908CCBB2}.Debug|x64.Build.0 = Debug|Any CPU
		{5043F9ED-AF93-4418-8ED2-7A1B908CCBB2}.Debug|x86.ActiveCfg = Debug|Any CPU
		{5043F9ED-AF93-4418-8ED2-7A1B908CCBB2}.Debug|x86.Build.0 = Debug|Any CPU
		{5043F9ED-AF93-4418-8ED2-7A1B908CCBB2}.Release|Any CPU.ActiveCfg = Release|Any CPU
		{5043F9ED-AF93-4418-8ED2-7A1B908CCBB2}.Release|Any CPU.Build.0 = Release|Any CPU
		{5043F9ED-AF93-4418-8ED2-7A1B908CCBB2}.Release|x64.ActiveCfg = Release|Any CPU
		{5043F9ED-AF93-4418-8ED2-7A1B908CCBB2}.Release|x64.Build.0 = Release|Any CPU
		{5043F9ED-AF93-4418-8ED2-7A1B908CCBB2}.Release|x86.ActiveCfg = Release|Any CPU
		{5043F9ED-AF93-4418-8ED2-7A1B908CCBB2}.Release|x86.Build.0 = Release|Any CPU
		{0B969635-298B-4345-9A14-DC2DBEA9DE04}.Debug|Any CPU.ActiveCfg = Debug|Any CPU
		{0B969635-298B-4345-9A14-DC2DBEA9DE04}.Debug|Any CPU.Build.0 = Debug|Any CPU
		{0B969635-298B-4345-9A14-DC2DBEA9DE04}.Debug|x64.ActiveCfg = Debug|Any CPU
		{0B969635-298B-4345-9A14-DC2DBEA9DE04}.Debug|x64.Build.0 = Debug|Any CPU
		{0B969635-298B-4345-9A14-DC2DBEA9DE04}.Debug|x86.ActiveCfg = Debug|Any CPU
		{0B969635-298B-4345-9A14-DC2DBEA9DE04}.Debug|x86.Build.0 = Debug|Any CPU
		{0B969635-298B-4345-9A14-DC2DBEA9DE04}.Release|Any CPU.ActiveCfg = Release|Any CPU
		{0B969635-298B-4345-9A14-DC2DBEA9DE04}.Release|Any CPU.Build.0 = Release|Any CPU
		{0B969635-298B-4345-9A14-DC2DBEA9DE04}.Release|x64.ActiveCfg = Release|Any CPU
		{0B969635-298B-4345-9A14-DC2DBEA9DE04}.Release|x64.Build.0 = Release|Any CPU
		{0B969635-298B-4345-9A14-DC2DBEA9DE04}.Release|x86.ActiveCfg = Release|Any CPU
		{0B969635-298B-4345-9A14-DC2DBEA9DE04}.Release|x86.Build.0 = Release|Any CPU
		{56CEBC4D-6538-4264-8009-93C0FC2C5FA2}.Debug|Any CPU.ActiveCfg = Debug|Any CPU
		{56CEBC4D-6538-4264-8009-93C0FC2C5FA2}.Debug|Any CPU.Build.0 = Debug|Any CPU
		{56CEBC4D-6538-4264-8009-93C0FC2C5FA2}.Debug|x64.ActiveCfg = Debug|Any CPU
		{56CEBC4D-6538-4264-8009-93C0FC2C5FA2}.Debug|x64.Build.0 = Debug|Any CPU
		{56CEBC4D-6538-4264-8009-93C0FC2C5FA2}.Debug|x86.ActiveCfg = Debug|Any CPU
		{56CEBC4D-6538-4264-8009-93C0FC2C5FA2}.Debug|x86.Build.0 = Debug|Any CPU
		{56CEBC4D-6538-4264-8009-93C0FC2C5FA2}.Release|Any CPU.ActiveCfg = Release|Any CPU
		{56CEBC4D-6538-4264-8009-93C0FC2C5FA2}.Release|Any CPU.Build.0 = Release|Any CPU
		{56CEBC4D-6538-4264-8009-93C0FC2C5FA2}.Release|x64.ActiveCfg = Release|Any CPU
		{56CEBC4D-6538-4264-8009-93C0FC2C5FA2}.Release|x64.Build.0 = Release|Any CPU
		{56CEBC4D-6538-4264-8009-93C0FC2C5FA2}.Release|x86.ActiveCfg = Release|Any CPU
		{56CEBC4D-6538-4264-8009-93C0FC2C5FA2}.Release|x86.Build.0 = Release|Any CPU
		{9A38EF78-361F-4DC3-95AF-25D2E14519BB}.Debug|Any CPU.ActiveCfg = Debug|Any CPU
		{9A38EF78-361F-4DC3-95AF-25D2E14519BB}.Debug|Any CPU.Build.0 = Debug|Any CPU
		{9A38EF78-361F-4DC3-95AF-25D2E14519BB}.Debug|x64.ActiveCfg = Debug|Any CPU
		{9A38EF78-361F-4DC3-95AF-25D2E14519BB}.Debug|x64.Build.0 = Debug|Any CPU
		{9A38EF78-361F-4DC3-95AF-25D2E14519BB}.Debug|x86.ActiveCfg = Debug|Any CPU
		{9A38EF78-361F-4DC3-95AF-25D2E14519BB}.Debug|x86.Build.0 = Debug|Any CPU
		{9A38EF78-361F-4DC3-95AF-25D2E14519BB}.Release|Any CPU.ActiveCfg = Release|Any CPU
		{9A38EF78-361F-4DC3-95AF-25D2E14519BB}.Release|Any CPU.Build.0 = Release|Any CPU
		{9A38EF78-361F-4DC3-95AF-25D2E14519BB}.Release|x64.ActiveCfg = Release|Any CPU
		{9A38EF78-361F-4DC3-95AF-25D2E14519BB}.Release|x64.Build.0 = Release|Any CPU
		{9A38EF78-361F-4DC3-95AF-25D2E14519BB}.Release|x86.ActiveCfg = Release|Any CPU
		{9A38EF78-361F-4DC3-95AF-25D2E14519BB}.Release|x86.Build.0 = Release|Any CPU
		{D669D54E-99AC-4F15-8CA2-30FD3B1DC3E2}.Debug|Any CPU.ActiveCfg = Debug|Any CPU
		{D669D54E-99AC-4F15-8CA2-30FD3B1DC3E2}.Debug|Any CPU.Build.0 = Debug|Any CPU
		{D669D54E-99AC-4F15-8CA2-30FD3B1DC3E2}.Debug|x64.ActiveCfg = Debug|Any CPU
		{D669D54E-99AC-4F15-8CA2-30FD3B1DC3E2}.Debug|x64.Build.0 = Debug|Any CPU
		{D669D54E-99AC-4F15-8CA2-30FD3B1DC3E2}.Debug|x86.ActiveCfg = Debug|Any CPU
		{D669D54E-99AC-4F15-8CA2-30FD3B1DC3E2}.Debug|x86.Build.0 = Debug|Any CPU
		{D669D54E-99AC-4F15-8CA2-30FD3B1DC3E2}.Release|Any CPU.ActiveCfg = Release|Any CPU
		{D669D54E-99AC-4F15-8CA2-30FD3B1DC3E2}.Release|Any CPU.Build.0 = Release|Any CPU
		{D669D54E-99AC-4F15-8CA2-30FD3B1DC3E2}.Release|x64.ActiveCfg = Release|Any CPU
		{D669D54E-99AC-4F15-8CA2-30FD3B1DC3E2}.Release|x64.Build.0 = Release|Any CPU
		{D669D54E-99AC-4F15-8CA2-30FD3B1DC3E2}.Release|x86.ActiveCfg = Release|Any CPU
		{D669D54E-99AC-4F15-8CA2-30FD3B1DC3E2}.Release|x86.Build.0 = Release|Any CPU
		{B72025D5-7A73-4600-919F-F016BCB04A45}.Debug|Any CPU.ActiveCfg = Debug|Any CPU
		{B72025D5-7A73-4600-919F-F016BCB04A45}.Debug|Any CPU.Build.0 = Debug|Any CPU
		{B72025D5-7A73-4600-919F-F016BCB04A45}.Debug|x64.ActiveCfg = Debug|Any CPU
		{B72025D5-7A73-4600-919F-F016BCB04A45}.Debug|x64.Build.0 = Debug|Any CPU
		{B72025D5-7A73-4600-919F-F016BCB04A45}.Debug|x86.ActiveCfg = Debug|Any CPU
		{B72025D5-7A73-4600-919F-F016BCB04A45}.Debug|x86.Build.0 = Debug|Any CPU
		{B72025D5-7A73-4600-919F-F016BCB04A45}.Release|Any CPU.ActiveCfg = Release|Any CPU
		{B72025D5-7A73-4600-919F-F016BCB04A45}.Release|Any CPU.Build.0 = Release|Any CPU
		{B72025D5-7A73-4600-919F-F016BCB04A45}.Release|x64.ActiveCfg = Release|Any CPU
		{B72025D5-7A73-4600-919F-F016BCB04A45}.Release|x64.Build.0 = Release|Any CPU
		{B72025D5-7A73-4600-919F-F016BCB04A45}.Release|x86.ActiveCfg = Release|Any CPU
		{B72025D5-7A73-4600-919F-F016BCB04A45}.Release|x86.Build.0 = Release|Any CPU
		{13E1378D-1630-4653-AFB0-88DF7DB81CD9}.Debug|Any CPU.ActiveCfg = Debug|Any CPU
		{13E1378D-1630-4653-AFB0-88DF7DB81CD9}.Debug|Any CPU.Build.0 = Debug|Any CPU
		{13E1378D-1630-4653-AFB0-88DF7DB81CD9}.Debug|x64.ActiveCfg = Debug|Any CPU
		{13E1378D-1630-4653-AFB0-88DF7DB81CD9}.Debug|x64.Build.0 = Debug|Any CPU
		{13E1378D-1630-4653-AFB0-88DF7DB81CD9}.Debug|x86.ActiveCfg = Debug|Any CPU
		{13E1378D-1630-4653-AFB0-88DF7DB81CD9}.Debug|x86.Build.0 = Debug|Any CPU
		{13E1378D-1630-4653-AFB0-88DF7DB81CD9}.Release|Any CPU.ActiveCfg = Release|Any CPU
		{13E1378D-1630-4653-AFB0-88DF7DB81CD9}.Release|Any CPU.Build.0 = Release|Any CPU
		{13E1378D-1630-4653-AFB0-88DF7DB81CD9}.Release|x64.ActiveCfg = Release|Any CPU
		{13E1378D-1630-4653-AFB0-88DF7DB81CD9}.Release|x64.Build.0 = Release|Any CPU
		{13E1378D-1630-4653-AFB0-88DF7DB81CD9}.Release|x86.ActiveCfg = Release|Any CPU
		{13E1378D-1630-4653-AFB0-88DF7DB81CD9}.Release|x86.Build.0 = Release|Any CPU
	EndGlobalSection
	GlobalSection(SolutionProperties) = preSolution
		HideSolutionNode = FALSE
	EndGlobalSection
EndGlobal
